
Microsoft Visual Studio Solution File, Format Version 12.00
# Visual Studio Version 17
VisualStudioVersion = 17.14.36429.23 d17.14
MinimumVisualStudioVersion = 10.0.40219.1
Project("{FAE04EC0-301F-11D3-BF4B-00C04F79EFBC}") = "Interface", "Interface.csproj", "{04E9A4C2-90C6-4DBF-A863-64DFC9806282}"
EndProject
Global
	GlobalSection(SolutionConfigurationPlatforms) = preSolution
		Debug|Any CPU = Debug|Any CPU
		Release|Any CPU = Release|Any CPU
	EndGlobalSection
	GlobalSection(ProjectConfigurationPlatforms) = postSolution
		{04E9A4C2-90C6-4DBF-A863-64DFC9806282}.Debug|Any CPU.ActiveCfg = Debug|Any CPU
		{04E9A4C2-90C6-4DBF-A863-64DFC9806282}.Debug|Any CPU.Build.0 = Debug|Any CPU
		{04E9A4C2-90C6-4DBF-A863-64DFC9806282}.Release|Any CPU.ActiveCfg = Release|Any CPU
		{04E9A4C2-90C6-4DBF-A863-64DFC9806282}.Release|Any CPU.Build.0 = Release|Any CPU
	EndGlobalSection
	GlobalSection(SolutionProperties) = preSolution
		HideSolutionNode = FALSE
	EndGlobalSection
	GlobalSection(ExtensibilityGlobals) = postSolution
		SolutionGuid = {B971FFA0-193D-4974-8052-CFA4817FD4FF}
	EndGlobalSection
EndGlobal
